
Microsoft Visual Studio Solution File, Format Version 12.00
# Visual Studio 14
VisualStudioVersion = 14.0.25420.1
MinimumVisualStudioVersion = 10.0.40219.1
Project("{FAE04EC0-301F-11D3-BF4B-00C04F79EFBC}") = "Gringotts", "Gringotts\Gringotts.csproj", "{3E74D2E5-3685-46BF-86F1-0FCAD197787F}"
EndProject
Project("{FAE04EC0-301F-11D3-BF4B-00C04F79EFBC}") = "SoftUni_data", "SoftUni_data\SoftUni_data.csproj", "{D3C5F775-2047-4831-995B-C37772E74418}"
EndProject
Global
	GlobalSection(SolutionConfigurationPlatforms) = preSolution
		Debug|Any CPU = Debug|Any CPU
		Release|Any CPU = Release|Any CPU
	EndGlobalSection
	GlobalSection(ProjectConfigurationPlatforms) = postSolution
		{3E74D2E5-3685-46BF-86F1-0FCAD197787F}.Debug|Any CPU.ActiveCfg = Debug|Any CPU
		{3E74D2E5-3685-46BF-86F1-0FCAD197787F}.Debug|Any CPU.Build.0 = Debug|Any CPU
		{3E74D2E5-3685-46BF-86F1-0FCAD197787F}.Release|Any CPU.ActiveCfg = Release|Any CPU
		{3E74D2E5-3685-46BF-86F1-0FCAD197787F}.Release|Any CPU.Build.0 = Release|Any CPU
		{D3C5F775-2047-4831-995B-C37772E74418}.Debug|Any CPU.ActiveCfg = Debug|Any CPU
		{D3C5F775-2047-4831-995B-C37772E74418}.Debug|Any CPU.Build.0 = Debug|Any CPU
		{D3C5F775-2047-4831-995B-C37772E74418}.Release|Any CPU.ActiveCfg = Release|Any CPU
		{D3C5F775-2047-4831-995B-C37772E74418}.Release|Any CPU.Build.0 = Release|Any CPU
	EndGlobalSection
	GlobalSection(SolutionProperties) = preSolution
		HideSolutionNode = FALSE
	EndGlobalSection
EndGlobal
